{
  "name": "arquitecturas-de-software",
  "lockfileVersion": 2,
  "requires": true,
  "packages": {
    "": {
      "dependencies": {
        "bulma": "^0.9.3",
        "bulma-scss": "^0.9.3"
      }
    },
    "node_modules/bulma": {
      "version": "0.9.3",
      "resolved": "https://registry.npmjs.org/bulma/-/bulma-0.9.3.tgz",
      "integrity": "sha512-0d7GNW1PY4ud8TWxdNcP6Cc8Bu7MxcntD/RRLGWuiw/s0a9P+XlH/6QoOIrmbj6o8WWJzJYhytiu9nFjTszk1g=="
    },
    "node_modules/bulma-scss": {
      "version": "0.9.3",
      "resolved": "https://registry.npmjs.org/bulma-scss/-/bulma-scss-0.9.3.tgz",
      "integrity": "sha512-36z/b1QMOVNTLJujEQkmytJVQnrixWuMLQx3UayWrLh3S3IR06Y8Q/zrDREB+Txe8M1wvHKuYiD/s7r2OTKYKg=="
    }
  },
  "dependencies": {
    "bulma": {
      "version": "0.9.3",
      "resolved": "https://registry.npmjs.org/bulma/-/bulma-0.9.3.tgz",
      "integrity": "sha512-0d7GNW1PY4ud8TWxdNcP6Cc8Bu7MxcntD/RRLGWuiw/s0a9P+XlH/6QoOIrmbj6o8WWJzJYhytiu9nFjTszk1g=="
    },
    "bulma-scss": {
      "version": "0.9.3",
      "resolved": "https://registry.npmjs.org/bulma-scss/-/bulma-scss-0.9.3.tgz",
      "integrity": "sha512-36z/b1QMOVNTLJujEQkmytJVQnrixWuMLQx3UayWrLh3S3IR06Y8Q/zrDREB+Txe8M1wvHKuYiD/s7r2OTKYKg=="
    }
  }
}
